
Microsoft Visual Studio Solution File, Format Version 12.00
# Visual Studio Version 17
VisualStudioVersion = 17.9.34728.123
MinimumVisualStudioVersion = 10.0.40219.1
Project("{888888A0-9F3D-457C-B088-3A5042F75D52}") = "ICT_Logs_recognizing_and_analyze", "ICT_Logs_recognizing_and_analyze\ICT_Logs_recognizing_and_analyze.pyproj", "{8523DD54-699C-4A51-B2F4-2EB9C9EE334C}"
EndProject
Global
	GlobalSection(SolutionConfigurationPlatforms) = preSolution
		Debug|Any CPU = Debug|Any CPU
		Release|Any CPU = Release|Any CPU
	EndGlobalSection
	GlobalSection(ProjectConfigurationPlatforms) = postSolution
		{8523DD54-699C-4A51-B2F4-2EB9C9EE334C}.Debug|Any CPU.ActiveCfg = Debug|Any CPU
		{8523DD54-699C-4A51-B2F4-2EB9C9EE334C}.Release|Any CPU.ActiveCfg = Release|Any CPU
	EndGlobalSection
	GlobalSection(SolutionProperties) = preSolution
		HideSolutionNode = FALSE
	EndGlobalSection
	GlobalSection(ExtensibilityGlobals) = postSolution
		SolutionGuid = {14312A7D-2B1F-4B93-A930-61EB46D8670C}
	EndGlobalSection
EndGlobal
